
Microsoft Visual Studio Solution File, Format Version 12.00
# Visual Studio Version 16
VisualStudioVersion = 16.0.31205.134
MinimumVisualStudioVersion = 10.0.40219.1
Project("{8BC9CEB8-8B4A-11D0-8D11-00A0C91BC942}") = "Add two numbers", "Add two numbers.vcxproj", "{79849C89-178A-48F8-A76B-91C1AD58EBB8}"
EndProject
Global
	GlobalSection(SolutionConfigurationPlatforms) = preSolution
		Debug|x64 = Debug|x64
		Debug|x86 = Debug|x86
		Release|x64 = Release|x64
		Release|x86 = Release|x86
	EndGlobalSection
	GlobalSection(ProjectConfigurationPlatforms) = postSolution
		{79849C89-178A-48F8-A76B-91C1AD58EBB8}.Debug|x64.ActiveCfg = Debug|x64
		{79849C89-178A-48F8-A76B-91C1AD58EBB8}.Debug|x64.Build.0 = Debug|x64
		{79849C89-178A-48F8-A76B-91C1AD58EBB8}.Debug|x86.ActiveCfg = Debug|Win32
		{79849C89-178A-48F8-A76B-91C1AD58EBB8}.Debug|x86.Build.0 = Debug|Win32
		{79849C89-178A-48F8-A76B-91C1AD58EBB8}.Release|x64.ActiveCfg = Release|x64
		{79849C89-178A-48F8-A76B-91C1AD58EBB8}.Release|x64.Build.0 = Release|x64
		{79849C89-178A-48F8-A76B-91C1AD58EBB8}.Release|x86.ActiveCfg = Release|Win32
		{79849C89-178A-48F8-A76B-91C1AD58EBB8}.Release|x86.Build.0 = Release|Win32
	EndGlobalSection
	GlobalSection(SolutionProperties) = preSolution
		HideSolutionNode = FALSE
	EndGlobalSection
	GlobalSection(ExtensibilityGlobals) = postSolution
		SolutionGuid = {6753CBE3-CD85-4094-8283-6B4EDDA45F7B}
	EndGlobalSection
EndGlobal
